// !$*UTF8*$!
{
	archiveVersion = 1;
	classes = {
	};
	objectVersion = 50;
	objects = {

/* Begin PBXBuildFile section */
		324BF7FD268AF46100BEC254 /* test.txt in Resources */ = {isa = PBXBuildFile; fileRef = 324BF7FC268AF46100BEC254 /* test.txt */; };
		32626E9425B2421B00BEE892 /* BLEcommTest0App.swift in Sources */ = {isa = PBXBuildFile; fileRef = 32626E9325B2421B00BEE892 /* BLEcommTest0App.swift */; };
		32626E9625B2421B00BEE892 /* ContentView.swift in Sources */ = {isa = PBXBuildFile; fileRef = 32626E9525B2421B00BEE892 /* ContentView.swift */; };
		32626E9B25B2421C00BEE892 /* Preview Assets.xcassets in Resources */ = {isa = PBXBuildFile; fileRef = 32626E9A25B2421C00BEE892 /* Preview Assets.xcassets */; };
		32626EA425B24C4B00BEE892 /* Colors.xcassets in Resources */ = {isa = PBXBuildFile; fileRef = 32626EA325B24C4B00BEE892 /* Colors.xcassets */; };
		32626EA725B24FB300BEE892 /* SettingView.swift in Sources */ = {isa = PBXBuildFile; fileRef = 32626EA625B24FB300BEE892 /* SettingView.swift */; };
		32626EAA25B3055900BEE892 /* BLE.swift in Sources */ = {isa = PBXBuildFile; fileRef = 32626EA925B3055900BEE892 /* BLE.swift */; };
		326DA13E2696C65A004F0442 /* GPS.swift in Sources */ = {isa = PBXBuildFile; fileRef = 326DA13D2696C65A004F0442 /* GPS.swift */; };
		326DA1412696C744004F0442 /* CoreLocation.framework in Frameworks */ = {isa = PBXBuildFile; fileRef = 326DA1402696C744004F0442 /* CoreLocation.framework */; };
		328C353726C0ADCF007EA122 /* ThreeCsView.swift in Sources */ = {isa = PBXBuildFile; fileRef = 328C353626C0ADCF007EA122 /* ThreeCsView.swift */; };
		32EBD21125CA00870032F3AF /* Message.swift in Sources */ = {isa = PBXBuildFile; fileRef = 32EBD21025CA00870032F3AF /* Message.swift */; };
		32EBD21525CA03210032F3AF /* Hello.swift in Sources */ = {isa = PBXBuildFile; fileRef = 32EBD21425CA03210032F3AF /* Hello.swift */; };
		32EBD21825CA08210032F3AF /* MessageView.swift in Sources */ = {isa = PBXBuildFile; fileRef = 32EBD21725CA08210032F3AF /* MessageView.swift */; };
		32EBD21B25CA09330032F3AF /* MainView.swift in Sources */ = {isa = PBXBuildFile; fileRef = 32EBD21A25CA09330032F3AF /* MainView.swift */; };
		32F090B125B83D7B005F311A /* Log.swift in Sources */ = {isa = PBXBuildFile; fileRef = 32F090B025B83D7B005F311A /* Log.swift */; };
		32F1DF88268B11CC006493C4 /* Assets.xcassets in Resources */ = {isa = PBXBuildFile; fileRef = 32F1DF87268B11CC006493C4 /* Assets.xcassets */; };
		32F1DF8A268B31B0006493C4 /* Device.swift in Sources */ = {isa = PBXBuildFile; fileRef = 32F1DF89268B31B0006493C4 /* Device.swift */; };
/* End PBXBuildFile section */

/* Begin PBXFileReference section */
		324BF7FC268AF46100BEC254 /* test.txt */ = {isa = PBXFileReference; lastKnownFileType = text; path = test.txt; sourceTree = "<group>"; };
		32626E9025B2421B00BEE892 /* NAMI Chat.app */ = {isa = PBXFileReference; explicitFileType = wrapper.application; includeInIndex = 0; path = "NAMI Chat.app"; sourceTree = BUILT_PRODUCTS_DIR; };
		32626E9325B2421B00BEE892 /* BLEcommTest0App.swift */ = {isa = PBXFileReference; lastKnownFileType = sourcecode.swift; path = BLEcommTest0App.swift; sourceTree = "<group>"; };
		32626E9525B2421B00BEE892 /* ContentView.swift */ = {isa = PBXFileReference; lastKnownFileType = sourcecode.swift; path = ContentView.swift; sourceTree = "<group>"; };
		32626E9A25B2421C00BEE892 /* Preview Assets.xcassets */ = {isa = PBXFileReference; lastKnownFileType = folder.assetcatalog; path = "Preview Assets.xcassets"; sourceTree = "<group>"; };
		32626E9C25B2421C00BEE892 /* Info.plist */ = {isa = PBXFileReference; lastKnownFileType = text.plist.xml; path = Info.plist; sourceTree = "<group>"; };
		32626EA325B24C4B00BEE892 /* Colors.xcassets */ = {isa = PBXFileReference; lastKnownFileType = folder.assetcatalog; path = Colors.xcassets; sourceTree = "<group>"; };
		32626EA625B24FB300BEE892 /* SettingView.swift */ = {isa = PBXFileReference; lastKnownFileType = sourcecode.swift; path = SettingView.swift; sourceTree = "<group>"; };
		32626EA925B3055900BEE892 /* BLE.swift */ = {isa = PBXFileReference; lastKnownFileType = sourcecode.swift; path = BLE.swift; sourceTree = "<group>"; };
		326DA13D2696C65A004F0442 /* GPS.swift */ = {isa = PBXFileReference; lastKnownFileType = sourcecode.swift; path = GPS.swift; sourceTree = "<group>"; };
		326DA1402696C744004F0442 /* CoreLocation.framework */ = {isa = PBXFileReference; lastKnownFileType = wrapper.framework; name = CoreLocation.framework; path = System/Library/Frameworks/CoreLocation.framework; sourceTree = SDKROOT; };
		328C353626C0ADCF007EA122 /* ThreeCsView.swift */ = {isa = PBXFileReference; lastKnownFileType = sourcecode.swift; path = ThreeCsView.swift; sourceTree = "<group>"; };
		32EBD21025CA00870032F3AF /* Message.swift */ = {isa = PBXFileReference; lastKnownFileType = sourcecode.swift; path = Message.swift; sourceTree = "<group>"; };
		32EBD21425CA03210032F3AF /* Hello.swift */ = {isa = PBXFileReference; lastKnownFileType = sourcecode.swift; path = Hello.swift; sourceTree = "<group>"; };
		32EBD21725CA08210032F3AF /* MessageView.swift */ = {isa = PBXFileReference; lastKnownFileType = sourcecode.swift; path = MessageView.swift; sourceTree = "<group>"; };
		32EBD21A25CA09330032F3AF /* MainView.swift */ = {isa = PBXFileReference; lastKnownFileType = sourcecode.swift; path = MainView.swift; sourceTree = "<group>"; };
		32F090B025B83D7B005F311A /* Log.swift */ = {isa = PBXFileReference; lastKnownFileType = sourcecode.swift; path = Log.swift; sourceTree = "<group>"; };
		32F1DF87268B11CC006493C4 /* Assets.xcassets */ = {isa = PBXFileReference; lastKnownFileType = folder.assetcatalog; path = Assets.xcassets; sourceTree = "<group>"; };
		32F1DF89268B31B0006493C4 /* Device.swift */ = {isa = PBXFileReference; lastKnownFileType = sourcecode.swift; path = Device.swift; sourceTree = "<group>"; };
/* End PBXFileReference section */

/* Begin PBXFrameworksBuildPhase section */
		32626E8D25B2421B00BEE892 /* Frameworks */ = {
			isa = PBXFrameworksBuildPhase;
			buildActionMask = 2147483647;
			files = (
				326DA1412696C744004F0442 /* CoreLocation.framework in Frameworks */,
			);
			runOnlyForDeploymentPostprocessing = 0;
		};
/* End PBXFrameworksBuildPhase section */

/* Begin PBXGroup section */
		32626E8725B2421B00BEE892 = {
			isa = PBXGroup;
			children = (
				32626E9225B2421B00BEE892 /* NAMI Chat */,
				32626E9125B2421B00BEE892 /* Products */,
				326DA13F2696C744004F0442 /* Frameworks */,
			);
			sourceTree = "<group>";
		};
		32626E9125B2421B00BEE892 /* Products */ = {
			isa = PBXGroup;
			children = (
				32626E9025B2421B00BEE892 /* NAMI Chat.app */,
			);
			name = Products;
			sourceTree = "<group>";
		};
		32626E9225B2421B00BEE892 /* NAMI Chat */ = {
			isa = PBXGroup;
			children = (
				32626EA925B3055900BEE892 /* BLE.swift */,
				32626E9325B2421B00BEE892 /* BLEcommTest0App.swift */,
				32626E9525B2421B00BEE892 /* ContentView.swift */,
				32F1DF89268B31B0006493C4 /* Device.swift */,
				32F090B025B83D7B005F311A /* Log.swift */,
				326DA13D2696C65A004F0442 /* GPS.swift */,
				32EBD21025CA00870032F3AF /* Message.swift */,
				32EBD21A25CA09330032F3AF /* MainView.swift */,
				32EBD21725CA08210032F3AF /* MessageView.swift */,
				32EBD21425CA03210032F3AF /* Hello.swift */,
				32626EA625B24FB300BEE892 /* SettingView.swift */,
				32626EA325B24C4B00BEE892 /* Colors.xcassets */,
				32F1DF87268B11CC006493C4 /* Assets.xcassets */,
				32626E9C25B2421C00BEE892 /* Info.plist */,
				32626E9925B2421C00BEE892 /* Preview Content */,
				324BF7FC268AF46100BEC254 /* test.txt */,
				328C353626C0ADCF007EA122 /* ThreeCsView.swift */,
			);
			path = "NAMI Chat";
			sourceTree = "<group>";
		};
		32626E9925B2421C00BEE892 /* Preview Content */ = {
			isa = PBXGroup;
			children = (
				32626E9A25B2421C00BEE892 /* Preview Assets.xcassets */,
			);
			path = "Preview Content";
			sourceTree = "<group>";
		};
		326DA13F2696C744004F0442 /* Frameworks */ = {
			isa = PBXGroup;
			children = (
				326DA1402696C744004F0442 /* CoreLocation.framework */,
			);
			name = Frameworks;
			sourceTree = "<group>";
		};
/* End PBXGroup section */

/* Begin PBXNativeTarget section */
		32626E8F25B2421B00BEE892 /* NAMI Chat */ = {
			isa = PBXNativeTarget;
			buildConfigurationList = 32626E9F25B2421C00BEE892 /* Build configuration list for PBXNativeTarget "NAMI Chat" */;
			buildPhases = (
				32626E8C25B2421B00BEE892 /* Sources */,
				32626E8D25B2421B00BEE892 /* Frameworks */,
				32626E8E25B2421B00BEE892 /* Resources */,
			);
			buildRules = (
			);
			dependencies = (
			);
			name = "NAMI Chat";
			productName = BLEcommTest0;
			productReference = 32626E9025B2421B00BEE892 /* NAMI Chat.app */;
			productType = "com.apple.product-type.application";
		};
/* End PBXNativeTarget section */

/* Begin PBXProject section */
		32626E8825B2421B00BEE892 /* Project object */ = {
			isa = PBXProject;
			attributes = {
				LastSwiftUpdateCheck = 1230;
				LastUpgradeCheck = 1230;
				TargetAttributes = {
					32626E8F25B2421B00BEE892 = {
						CreatedOnToolsVersion = 12.3;
					};
				};
			};
			buildConfigurationList = 32626E8B25B2421B00BEE892 /* Build configuration list for PBXProject "NAMI Chat" */;
			compatibilityVersion = "Xcode 9.3";
			developmentRegion = en;
			hasScannedForEncodings = 0;
			knownRegions = (
				en,
				Base,
			);
			mainGroup = 32626E8725B2421B00BEE892;
			productRefGroup = 32626E9125B2421B00BEE892 /* Products */;
			projectDirPath = "";
			projectRoot = "";
			targets = (
				32626E8F25B2421B00BEE892 /* NAMI Chat */,
			);
		};
/* End PBXProject section */

/* Begin PBXResourcesBuildPhase section */
		32626E8E25B2421B00BEE892 /* Resources */ = {
			isa = PBXResourcesBuildPhase;
			buildActionMask = 2147483647;
			files = (
				32626EA425B24C4B00BEE892 /* Colors.xcassets in Resources */,
				32626E9B25B2421C00BEE892 /* Preview Assets.xcassets in Resources */,
				32F1DF88268B11CC006493C4 /* Assets.xcassets in Resources */,
				324BF7FD268AF46100BEC254 /* test.txt in Resources */,
			);
			runOnlyForDeploymentPostprocessing = 0;
		};
/* End PBXResourcesBuildPhase section */

/* Begin PBXSourcesBuildPhase section */
		32626E8C25B2421B00BEE892 /* Sources */ = {
			isa = PBXSourcesBuildPhase;
			buildActionMask = 2147483647;
			files = (
				326DA13E2696C65A004F0442 /* GPS.swift in Sources */,
				328C353726C0ADCF007EA122 /* ThreeCsView.swift in Sources */,
				32626EA725B24FB300BEE892 /* SettingView.swift in Sources */,
				32EBD21B25CA09330032F3AF /* MainView.swift in Sources */,
				32626E9625B2421B00BEE892 /* ContentView.swift in Sources */,
				32F090B125B83D7B005F311A /* Log.swift in Sources */,
				32EBD21125CA00870032F3AF /* Message.swift in Sources */,
				32EBD21825CA08210032F3AF /* MessageView.swift in Sources */,
				32EBD21525CA03210032F3AF /* Hello.swift in Sources */,
				32626E9425B2421B00BEE892 /* BLEcommTest0App.swift in Sources */,
				32626EAA25B3055900BEE892 /* BLE.swift in Sources */,
				32F1DF8A268B31B0006493C4 /* Device.swift in Sources */,
			);
			runOnlyForDeploymentPostprocessing = 0;
		};
/* End PBXSourcesBuildPhase section */

/* Begin XCBuildConfiguration section */
		32626E9D25B2421C00BEE892 /* Debug */ = {
			isa = XCBuildConfiguration;
			buildSettings = {
				ALWAYS_SEARCH_USER_PATHS = NO;
				CLANG_ANALYZER_NONNULL = YES;
				CLANG_ANALYZER_NUMBER_OBJECT_CONVERSION = YES_AGGRESSIVE;
				CLANG_CXX_LANGUAGE_STANDARD = "gnu++14";
				CLANG_CXX_LIBRARY = "libc++";
				CLANG_ENABLE_MODULES = YES;
				CLANG_ENABLE_OBJC_ARC = YES;
				CLANG_ENABLE_OBJC_WEAK = YES;
				CLANG_WARN_BLOCK_CAPTURE_AUTORELEASING = YES;
				CLANG_WARN_BOOL_CONVERSION = YES;
				CLANG_WARN_COMMA = YES;
				CLANG_WARN_CONSTANT_CONVERSION = YES;
				CLANG_WARN_DEPRECATED_OBJC_IMPLEMENTATIONS = YES;
				CLANG_WARN_DIRECT_OBJC_ISA_USAGE = YES_ERROR;
				CLANG_WARN_DOCUMENTATION_COMMENTS = YES;
				CLANG_WARN_EMPTY_BODY = YES;
				CLANG_WARN_ENUM_CONVERSION = YES;
				CLANG_WARN_INFINITE_RECURSION = YES;
				CLANG_WARN_INT_CONVERSION = YES;
				CLANG_WARN_NON_LITERAL_NULL_CONVERSION = YES;
				CLANG_WARN_OBJC_IMPLICIT_RETAIN_SELF = YES;
				CLANG_WARN_OBJC_LITERAL_CONVERSION = YES;
				CLANG_WARN_OBJC_ROOT_CLASS = YES_ERROR;
				CLANG_WARN_QUOTED_INCLUDE_IN_FRAMEWORK_HEADER = YES;
				CLANG_WARN_RANGE_LOOP_ANALYSIS = YES;
				CLANG_WARN_STRICT_PROTOTYPES = YES;
				CLANG_WARN_SUSPICIOUS_MOVE = YES;
				CLANG_WARN_UNGUARDED_AVAILABILITY = YES_AGGRESSIVE;
				CLANG_WARN_UNREACHABLE_CODE = YES;
				CLANG_WARN__DUPLICATE_METHOD_MATCH = YES;
				COPY_PHASE_STRIP = NO;
				DEBUG_INFORMATION_FORMAT = dwarf;
				ENABLE_STRICT_OBJC_MSGSEND = YES;
				ENABLE_TESTABILITY = YES;
				GCC_C_LANGUAGE_STANDARD = gnu11;
				GCC_DYNAMIC_NO_PIC = NO;
				GCC_NO_COMMON_BLOCKS = YES;
				GCC_OPTIMIZATION_LEVEL = 0;
				GCC_PREPROCESSOR_DEFINITIONS = (
					"DEBUG=1",
					"$(inherited)",
				);
				GCC_WARN_64_TO_32_BIT_CONVERSION = YES;
				GCC_WARN_ABOUT_RETURN_TYPE = YES_ERROR;
				GCC_WARN_UNDECLARED_SELECTOR = YES;
				GCC_WARN_UNINITIALIZED_AUTOS = YES_AGGRESSIVE;
				GCC_WARN_UNUSED_FUNCTION = YES;
				GCC_WARN_UNUSED_VARIABLE = YES;
				IPHONEOS_DEPLOYMENT_TARGET = 14.3;
				MTL_ENABLE_DEBUG_INFO = INCLUDE_SOURCE;
				MTL_FAST_MATH = YES;
				ONLY_ACTIVE_ARCH = YES;
				SDKROOT = iphoneos;
				SWIFT_ACTIVE_COMPILATION_CONDITIONS = DEBUG;
				SWIFT_OPTIMIZATION_LEVEL = "-Onone";
			};
			name = Debug;
		};
		32626E9E25B2421C00BEE892 /* Release */ = {
			isa = XCBuildConfiguration;
			buildSettings = {
				ALWAYS_SEARCH_USER_PATHS = NO;
				CLANG_ANALYZER_NONNULL = YES;
				CLANG_ANALYZER_NUMBER_OBJECT_CONVERSION = YES_AGGRESSIVE;
				CLANG_CXX_LANGUAGE_STANDARD = "gnu++14";
				CLANG_CXX_LIBRARY = "libc++";
				CLANG_ENABLE_MODULES = YES;
				CLANG_ENABLE_OBJC_ARC = YES;
				CLANG_ENABLE_OBJC_WEAK = YES;
				CLANG_WARN_BLOCK_CAPTURE_AUTORELEASING = YES;
				CLANG_WARN_BOOL_CONVERSION = YES;
				CLANG_WARN_COMMA = YES;
				CLANG_WARN_CONSTANT_CONVERSION = YES;
				CLANG_WARN_DEPRECATED_OBJC_IMPLEMENTATIONS = YES;
				CLANG_WARN_DIRECT_OBJC_ISA_USAGE = YES_ERROR;
				CLANG_WARN_DOCUMENTATION_COMMENTS = YES;
				CLANG_WARN_EMPTY_BODY = YES;
				CLANG_WARN_ENUM_CONVERSION = YES;
				CLANG_WARN_INFINITE_RECURSION = YES;
				CLANG_WARN_INT_CONVERSION = YES;
				CLANG_WARN_NON_LITERAL_NULL_CONVERSION = YES;
				CLANG_WARN_OBJC_IMPLICIT_RETAIN_SELF = YES;
				CLANG_WARN_OBJC_LITERAL_CONVERSION = YES;
				CLANG_WARN_OBJC_ROOT_CLASS = YES_ERROR;
				CLANG_WARN_QUOTED_INCLUDE_IN_FRAMEWORK_HEADER = YES;
				CLANG_WARN_RANGE_LOOP_ANALYSIS = YES;
				CLANG_WARN_STRICT_PROTOTYPES = YES;
				CLANG_WARN_SUSPICIOUS_MOVE = YES;
				CLANG_WARN_UNGUARDED_AVAILABILITY = YES_AGGRESSIVE;
				CLANG_WARN_UNREACHABLE_CODE = YES;
				CLANG_WARN__DUPLICATE_METHOD_MATCH = YES;
				COPY_PHASE_STRIP = NO;
				DEBUG_INFORMATION_FORMAT = "dwarf-with-dsym";
				ENABLE_NS_ASSERTIONS = NO;
				ENABLE_STRICT_OBJC_MSGSEND = YES;
				GCC_C_LANGUAGE_STANDARD = gnu11;
				GCC_NO_COMMON_BLOCKS = YES;
				GCC_WARN_64_TO_32_BIT_CONVERSION = YES;
				GCC_WARN_ABOUT_RETURN_TYPE = YES_ERROR;
				GCC_WARN_UNDECLARED_SELECTOR = YES;
				GCC_WARN_UNINITIALIZED_AUTOS = YES_AGGRESSIVE;
				GCC_WARN_UNUSED_FUNCTION = YES;
				GCC_WARN_UNUSED_VARIABLE = YES;
				IPHONEOS_DEPLOYMENT_TARGET = 14.3;
				MTL_ENABLE_DEBUG_INFO = NO;
				MTL_FAST_MATH = YES;
				SDKROOT = iphoneos;
				SWIFT_COMPILATION_MODE = wholemodule;
				SWIFT_OPTIMIZATION_LEVEL = "-O";
				VALIDATE_PRODUCT = YES;
			};
			name = Release;
		};
		32626EA025B2421C00BEE892 /* Debug */ = {
			isa = XCBuildConfiguration;
			buildSettings = {
				ASSETCATALOG_COMPILER_APPICON_NAME = AppIcon;
				ASSETCATALOG_COMPILER_GLOBAL_ACCENT_COLOR_NAME = AccentColor;
				CODE_SIGN_IDENTITY = "Apple Development";
				CODE_SIGN_STYLE = Automatic;
				DEVELOPMENT_ASSET_PATHS = "\"NAMI Chat/Preview Content\"";
				DEVELOPMENT_TEAM = BXKL5N8R36;
				ENABLE_PREVIEWS = YES;
				INFOPLIST_FILE = "NAMI Chat/Info.plist";
				IPHONEOS_DEPLOYMENT_TARGET = 14.0;
				LD_RUNPATH_SEARCH_PATHS = (
					"$(inherited)",
					"@executable_path/Frameworks",
				);
				PRODUCT_BUNDLE_IDENTIFIER = ogilab.com.NAMIBLE;
				PRODUCT_NAME = "$(TARGET_NAME)";
				PROVISIONING_PROFILE_SPECIFIER = "";
				SWIFT_VERSION = 5.0;
				TARGETED_DEVICE_FAMILY = "1,2";
			};
			name = Debug;
		};
		32626EA125B2421C00BEE892 /* Release */ = {
			isa = XCBuildConfiguration;
			buildSettings = {
				ASSETCATALOG_COMPILER_APPICON_NAME = AppIcon;
				ASSETCATALOG_COMPILER_GLOBAL_ACCENT_COLOR_NAME = AccentColor;
				CODE_SIGN_IDENTITY = "Apple Development";
				CODE_SIGN_STYLE = Automatic;
				DEVELOPMENT_ASSET_PATHS = "\"NAMI Chat/Preview Content\"";
				DEVELOPMENT_TEAM = BXKL5N8R36;
				ENABLE_PREVIEWS = YES;
				INFOPLIST_FILE = "NAMI Chat/Info.plist";
				IPHONEOS_DEPLOYMENT_TARGET = 14.0;
				LD_RUNPATH_SEARCH_PATHS = (
					"$(inherited)",
					"@executable_path/Frameworks",
				);
				PRODUCT_BUNDLE_IDENTIFIER = ogilab.com.NAMIBLE;
				PRODUCT_NAME = "$(TARGET_NAME)";
				PROVISIONING_PROFILE_SPECIFIER = "";
				SWIFT_VERSION = 5.0;
				TARGETED_DEVICE_FAMILY = "1,2";
			};
			name = Release;
		};
/* End XCBuildConfiguration section */

/* Begin XCConfigurationList section */
		32626E8B25B2421B00BEE892 /* Build configuration list for PBXProject "NAMI Chat" */ = {
			isa = XCConfigurationList;
			buildConfigurations = (
				32626E9D25B2421C00BEE892 /* Debug */,
				32626E9E25B2421C00BEE892 /* Release */,
			);
			defaultConfigurationIsVisible = 0;
			defaultConfigurationName = Release;
		};
		32626E9F25B2421C00BEE892 /* Build configuration list for PBXNativeTarget "NAMI Chat" */ = {
			isa = XCConfigurationList;
			buildConfigurations = (
				32626EA025B2421C00BEE892 /* Debug */,
				32626EA125B2421C00BEE892 /* Release */,
			);
			defaultConfigurationIsVisible = 0;
			defaultConfigurationName = Release;
		};
/* End XCConfigurationList section */
	};
	rootObject = 32626E8825B2421B00BEE892 /* Project object */;
}
